
Microsoft Visual Studio Solution File, Format Version 12.00
# Visual Studio Version 16
VisualStudioVersion = 16.0.31320.298
MinimumVisualStudioVersion = 10.0.40219.1
Project("{9A19103F-16F7-4668-BE54-9A1E7A4F7556}") = "Site", "src\Site\Site.csproj", "{CBC76973-309D-4263-824D-42D66417691C}"
EndProject
Global
	GlobalSection(SolutionConfigurationPlatforms) = preSolution
		Debug|Any CPU = Debug|Any CPU
		Release|Any CPU = Release|Any CPU
	EndGlobalSection
	GlobalSection(ProjectConfigurationPlatforms) = postSolution
		{CBC76973-309D-4263-824D-42D66417691C}.Debug|Any CPU.ActiveCfg = Debug|Any CPU
		{CBC76973-309D-4263-824D-42D66417691C}.Debug|Any CPU.Build.0 = Debug|Any CPU
		{CBC76973-309D-4263-824D-42D66417691C}.Release|Any CPU.ActiveCfg = Release|Any CPU
		{CBC76973-309D-4263-824D-42D66417691C}.Release|Any CPU.Build.0 = Release|Any CPU
	EndGlobalSection
	GlobalSection(SolutionProperties) = preSolution
		HideSolutionNode = FALSE
	EndGlobalSection
	GlobalSection(ExtensibilityGlobals) = postSolution
		SolutionGuid = {8E275880-08EB-4708-93FF-66197E425D19}
	EndGlobalSection
EndGlobal
